# This file is autogenerated, do not edit; changes may be undone by the next 'dep ensure'.


[[projects]]
  branch = "master"
  name = "github.com/gilbertchen/go.dbus"
  packages = ["."]
  revision = "946a1fb4449c99e21231a4e26a8cb7bf2d85b47b"

[[projects]]
  branch = "master"
  name = "github.com/gilbertchen/keyring"
  packages = ["."]
  revision = "8855f5632086e51468cd7ce91056f8da69687ef6"

[solve-meta]
  analyzer-name = "dep"
  analyzer-version = 1
  inputs-digest = "86fc94ecfb893d5fd72cb46af7634acd32c20c13400761b778a9986e62d31188"
  solver-name = "gps-cdcl"
  solver-version = 1
